// !$*UTF8*$!
{
	archiveVersion = 1;
	classes = {
	};
	objectVersion = 48;
	objects = {

/* Begin PBXBuildFile section */
		A61272262039FD13009DD95B /* Black80211Control.hpp in Headers */ = {isa = PBXBuildFile; fileRef = A61272252039FD13009DD95B /* Black80211Control.hpp */; };
		A61272362039FFF1009DD95B /* apple80211_ioctl.h in Headers */ = {isa = PBXBuildFile; fileRef = A61272302039FFF1009DD95B /* apple80211_ioctl.h */; };
		A61272372039FFF1009DD95B /* IO80211Interface.h in Headers */ = {isa = PBXBuildFile; fileRef = A61272312039FFF1009DD95B /* IO80211Interface.h */; };
		A61272382039FFF1009DD95B /* IO80211WorkLoop.h in Headers */ = {isa = PBXBuildFile; fileRef = A61272322039FFF1009DD95B /* IO80211WorkLoop.h */; };
		A61272392039FFF1009DD95B /* apple80211_var.h in Headers */ = {isa = PBXBuildFile; fileRef = A61272332039FFF1009DD95B /* apple80211_var.h */; };
		A612723A2039FFF1009DD95B /* apple80211_wps.h in Headers */ = {isa = PBXBuildFile; fileRef = A61272342039FFF1009DD95B /* apple80211_wps.h */; };
		A612723B2039FFF1009DD95B /* IO80211Controller.h in Headers */ = {isa = PBXBuildFile; fileRef = A61272352039FFF1009DD95B /* IO80211Controller.h */; };
		A612723D203A1079009DD95B /* Black80211Control.cpp in Sources */ = {isa = PBXBuildFile; fileRef = A612723C203A1079009DD95B /* Black80211Control.cpp */; };
		A632F0D720E8230700AAC444 /* Black80211Control_ioctl.cpp in Sources */ = {isa = PBXBuildFile; fileRef = A632F0D620E8230700AAC444 /* Black80211Control_ioctl.cpp */; };
		A632F0D820E8230700AAC444 /* Black80211Control_ioctl.cpp in Sources */ = {isa = PBXBuildFile; fileRef = A632F0D620E8230700AAC444 /* Black80211Control_ioctl.cpp */; };
		A6350424209A344100C82B59 /* Black80211Control.cpp in Sources */ = {isa = PBXBuildFile; fileRef = A612723C203A1079009DD95B /* Black80211Control.cpp */; };
		A6350425209A344900C82B59 /* apple80211_ioctl.h in Headers */ = {isa = PBXBuildFile; fileRef = A61272302039FFF1009DD95B /* apple80211_ioctl.h */; };
		A6350426209A344900C82B59 /* apple80211_var.h in Headers */ = {isa = PBXBuildFile; fileRef = A61272332039FFF1009DD95B /* apple80211_var.h */; };
		A6350427209A344900C82B59 /* apple80211_wps.h in Headers */ = {isa = PBXBuildFile; fileRef = A61272342039FFF1009DD95B /* apple80211_wps.h */; };
		A6350428209A344900C82B59 /* IO80211Controller.h in Headers */ = {isa = PBXBuildFile; fileRef = A61272352039FFF1009DD95B /* IO80211Controller.h */; };
		A6350429209A344900C82B59 /* IO80211Interface.h in Headers */ = {isa = PBXBuildFile; fileRef = A61272312039FFF1009DD95B /* IO80211Interface.h */; };
		A635042A209A344900C82B59 /* IO80211WorkLoop.h in Headers */ = {isa = PBXBuildFile; fileRef = A61272322039FFF1009DD95B /* IO80211WorkLoop.h */; };
		A635042B209A344900C82B59 /* Black80211Control.hpp in Headers */ = {isa = PBXBuildFile; fileRef = A61272252039FD13009DD95B /* Black80211Control.hpp */; };
		A6350435209A3CAD00C82B59 /* IO80211WorkLoop.h in Headers */ = {isa = PBXBuildFile; fileRef = A635042F209A3CAC00C82B59 /* IO80211WorkLoop.h */; };
		A6350436209A3CAD00C82B59 /* apple80211_var.h in Headers */ = {isa = PBXBuildFile; fileRef = A6350430209A3CAC00C82B59 /* apple80211_var.h */; };
		A6350437209A3CAD00C82B59 /* IO80211Interface.h in Headers */ = {isa = PBXBuildFile; fileRef = A6350431209A3CAC00C82B59 /* IO80211Interface.h */; };
		A6350438209A3CAD00C82B59 /* apple80211_wps.h in Headers */ = {isa = PBXBuildFile; fileRef = A6350432209A3CAC00C82B59 /* apple80211_wps.h */; };
		A6350439209A3CAD00C82B59 /* IO80211Controller.h in Headers */ = {isa = PBXBuildFile; fileRef = A6350433209A3CAC00C82B59 /* IO80211Controller.h */; };
		A635043A209A3CAD00C82B59 /* apple80211_ioctl.h in Headers */ = {isa = PBXBuildFile; fileRef = A6350434209A3CAC00C82B59 /* apple80211_ioctl.h */; };
		A6E361B1209F924400794572 /* FakeDevice.cpp in Sources */ = {isa = PBXBuildFile; fileRef = A6E361AF209F924400794572 /* FakeDevice.cpp */; };
		A6E361B2209F924400794572 /* FakeDevice.cpp in Sources */ = {isa = PBXBuildFile; fileRef = A6E361AF209F924400794572 /* FakeDevice.cpp */; };
		A6E361B3209F924400794572 /* FakeDevice.hpp in Headers */ = {isa = PBXBuildFile; fileRef = A6E361B0209F924400794572 /* FakeDevice.hpp */; };
		A6E361B4209F924400794572 /* FakeDevice.hpp in Headers */ = {isa = PBXBuildFile; fileRef = A6E361B0209F924400794572 /* FakeDevice.hpp */; };
/* End PBXBuildFile section */

/* Begin PBXFileReference section */
		A61272222039FD13009DD95B /* Black80211.kext */ = {isa = PBXFileReference; explicitFileType = wrapper.cfbundle; includeInIndex = 0; path = Black80211.kext; sourceTree = BUILT_PRODUCTS_DIR; };
		A61272252039FD13009DD95B /* Black80211Control.hpp */ = {isa = PBXFileReference; lastKnownFileType = sourcecode.cpp.h; path = Black80211Control.hpp; sourceTree = "<group>"; };
		A61272292039FD13009DD95B /* Info.plist */ = {isa = PBXFileReference; lastKnownFileType = text.plist.xml; path = Info.plist; sourceTree = "<group>"; };
		A61272302039FFF1009DD95B /* apple80211_ioctl.h */ = {isa = PBXFileReference; fileEncoding = 4; lastKnownFileType = sourcecode.c.h; path = apple80211_ioctl.h; sourceTree = "<group>"; };
		A61272312039FFF1009DD95B /* IO80211Interface.h */ = {isa = PBXFileReference; fileEncoding = 4; lastKnownFileType = sourcecode.c.h; path = IO80211Interface.h; sourceTree = "<group>"; };
		A61272322039FFF1009DD95B /* IO80211WorkLoop.h */ = {isa = PBXFileReference; fileEncoding = 4; lastKnownFileType = sourcecode.c.h; path = IO80211WorkLoop.h; sourceTree = "<group>"; };
		A61272332039FFF1009DD95B /* apple80211_var.h */ = {isa = PBXFileReference; fileEncoding = 4; lastKnownFileType = sourcecode.c.h; path = apple80211_var.h; sourceTree = "<group>"; };
		A61272342039FFF1009DD95B /* apple80211_wps.h */ = {isa = PBXFileReference; fileEncoding = 4; lastKnownFileType = sourcecode.c.h; path = apple80211_wps.h; sourceTree = "<group>"; };
		A61272352039FFF1009DD95B /* IO80211Controller.h */ = {isa = PBXFileReference; fileEncoding = 4; lastKnownFileType = sourcecode.c.h; path = IO80211Controller.h; sourceTree = "<group>"; };
		A612723C203A1079009DD95B /* Black80211Control.cpp */ = {isa = PBXFileReference; fileEncoding = 4; lastKnownFileType = sourcecode.cpp.cpp; path = Black80211Control.cpp; sourceTree = "<group>"; };
		A632F0D620E8230700AAC444 /* Black80211Control_ioctl.cpp */ = {isa = PBXFileReference; lastKnownFileType = sourcecode.cpp.cpp; path = Black80211Control_ioctl.cpp; sourceTree = "<group>"; };
		A635042F209A3CAC00C82B59 /* IO80211WorkLoop.h */ = {isa = PBXFileReference; fileEncoding = 4; lastKnownFileType = sourcecode.c.h; path = IO80211WorkLoop.h; sourceTree = "<group>"; };
		A6350430209A3CAC00C82B59 /* apple80211_var.h */ = {isa = PBXFileReference; fileEncoding = 4; lastKnownFileType = sourcecode.c.h; path = apple80211_var.h; sourceTree = "<group>"; };
		A6350431209A3CAC00C82B59 /* IO80211Interface.h */ = {isa = PBXFileReference; fileEncoding = 4; lastKnownFileType = sourcecode.c.h; path = IO80211Interface.h; sourceTree = "<group>"; };
		A6350432209A3CAC00C82B59 /* apple80211_wps.h */ = {isa = PBXFileReference; fileEncoding = 4; lastKnownFileType = sourcecode.c.h; path = apple80211_wps.h; sourceTree = "<group>"; };
		A6350433209A3CAC00C82B59 /* IO80211Controller.h */ = {isa = PBXFileReference; fileEncoding = 4; lastKnownFileType = sourcecode.c.h; path = IO80211Controller.h; sourceTree = "<group>"; };
		A6350434209A3CAC00C82B59 /* apple80211_ioctl.h */ = {isa = PBXFileReference; fileEncoding = 4; lastKnownFileType = sourcecode.c.h; path = apple80211_ioctl.h; sourceTree = "<group>"; };
		A635043B209A3CC700C82B59 /* apple80211.h */ = {isa = PBXFileReference; lastKnownFileType = sourcecode.c.h; path = apple80211.h; sourceTree = "<group>"; };
		A6881FF7209A29A3009B1576 /* Black80211.kext */ = {isa = PBXFileReference; explicitFileType = wrapper.cfbundle; includeInIndex = 0; path = Black80211.kext; sourceTree = BUILT_PRODUCTS_DIR; };
		A6E361AF209F924400794572 /* FakeDevice.cpp */ = {isa = PBXFileReference; lastKnownFileType = sourcecode.cpp.cpp; path = FakeDevice.cpp; sourceTree = "<group>"; };
		A6E361B0209F924400794572 /* FakeDevice.hpp */ = {isa = PBXFileReference; lastKnownFileType = sourcecode.cpp.h; path = FakeDevice.hpp; sourceTree = "<group>"; };
/* End PBXFileReference section */

/* Begin PBXFrameworksBuildPhase section */
		A612721E2039FD13009DD95B /* Frameworks */ = {
			isa = PBXFrameworksBuildPhase;
			buildActionMask = 2147483647;
			files = (
			);
			runOnlyForDeploymentPostprocessing = 0;
		};
		A6881FF3209A29A3009B1576 /* Frameworks */ = {
			isa = PBXFrameworksBuildPhase;
			buildActionMask = 2147483647;
			files = (
			);
			runOnlyForDeploymentPostprocessing = 0;
		};
/* End PBXFrameworksBuildPhase section */

/* Begin PBXGroup section */
		A61272182039FD13009DD95B = {
			isa = PBXGroup;
			children = (
				A61272242039FD13009DD95B /* Black80211 */,
				A61272232039FD13009DD95B /* Products */,
			);
			sourceTree = "<group>";
		};
		A61272232039FD13009DD95B /* Products */ = {
			isa = PBXGroup;
			children = (
				A61272222039FD13009DD95B /* Black80211.kext */,
				A6881FF7209A29A3009B1576 /* Black80211.kext */,
			);
			name = Products;
			sourceTree = "<group>";
		};
		A61272242039FD13009DD95B /* Black80211 */ = {
			isa = PBXGroup;
			children = (
				A612722F2039FFC1009DD95B /* apple80211 */,
				A61272252039FD13009DD95B /* Black80211Control.hpp */,
				A612723C203A1079009DD95B /* Black80211Control.cpp */,
				A61272292039FD13009DD95B /* Info.plist */,
				A635043B209A3CC700C82B59 /* apple80211.h */,
				A6E361AF209F924400794572 /* FakeDevice.cpp */,
				A6E361B0209F924400794572 /* FakeDevice.hpp */,
				A632F0D620E8230700AAC444 /* Black80211Control_ioctl.cpp */,
			);
			path = Black80211;
			sourceTree = "<group>";
		};
		A612722F2039FFC1009DD95B /* apple80211 */ = {
			isa = PBXGroup;
			children = (
				A635042E209A3C6800C82B59 /* high_sierra */,
				A635042D209A3C5E00C82B59 /* sierra */,
			);
			path = apple80211;
			sourceTree = "<group>";
		};
		A635042D209A3C5E00C82B59 /* sierra */ = {
			isa = PBXGroup;
			children = (
				A61272302039FFF1009DD95B /* apple80211_ioctl.h */,
				A61272332039FFF1009DD95B /* apple80211_var.h */,
				A61272342039FFF1009DD95B /* apple80211_wps.h */,
				A61272352039FFF1009DD95B /* IO80211Controller.h */,
				A61272312039FFF1009DD95B /* IO80211Interface.h */,
				A61272322039FFF1009DD95B /* IO80211WorkLoop.h */,
			);
			path = sierra;
			sourceTree = "<group>";
		};
		A635042E209A3C6800C82B59 /* high_sierra */ = {
			isa = PBXGroup;
			children = (
				A6350434209A3CAC00C82B59 /* apple80211_ioctl.h */,
				A6350430209A3CAC00C82B59 /* apple80211_var.h */,
				A6350432209A3CAC00C82B59 /* apple80211_wps.h */,
				A6350433209A3CAC00C82B59 /* IO80211Controller.h */,
				A6350431209A3CAC00C82B59 /* IO80211Interface.h */,
				A635042F209A3CAC00C82B59 /* IO80211WorkLoop.h */,
			);
			path = high_sierra;
			sourceTree = "<group>";
		};
/* End PBXGroup section */

/* Begin PBXHeadersBuildPhase section */
		A612721F2039FD13009DD95B /* Headers */ = {
			isa = PBXHeadersBuildPhase;
			buildActionMask = 2147483647;
			files = (
				A6350436209A3CAD00C82B59 /* apple80211_var.h in Headers */,
				A6350439209A3CAD00C82B59 /* IO80211Controller.h in Headers */,
				A6350435209A3CAD00C82B59 /* IO80211WorkLoop.h in Headers */,
				A635043A209A3CAD00C82B59 /* apple80211_ioctl.h in Headers */,
				A61272382039FFF1009DD95B /* IO80211WorkLoop.h in Headers */,
				A61272392039FFF1009DD95B /* apple80211_var.h in Headers */,
				A61272362039FFF1009DD95B /* apple80211_ioctl.h in Headers */,
				A61272372039FFF1009DD95B /* IO80211Interface.h in Headers */,
				A612723B2039FFF1009DD95B /* IO80211Controller.h in Headers */,
				A6350437209A3CAD00C82B59 /* IO80211Interface.h in Headers */,
				A61272262039FD13009DD95B /* Black80211Control.hpp in Headers */,
				A6E361B3209F924400794572 /* FakeDevice.hpp in Headers */,
				A6350438209A3CAD00C82B59 /* apple80211_wps.h in Headers */,
				A612723A2039FFF1009DD95B /* apple80211_wps.h in Headers */,
			);
			runOnlyForDeploymentPostprocessing = 0;
		};
		A6881FF4209A29A3009B1576 /* Headers */ = {
			isa = PBXHeadersBuildPhase;
			buildActionMask = 2147483647;
			files = (
				A6350425209A344900C82B59 /* apple80211_ioctl.h in Headers */,
				A6350426209A344900C82B59 /* apple80211_var.h in Headers */,
				A6350427209A344900C82B59 /* apple80211_wps.h in Headers */,
				A6E361B4209F924400794572 /* FakeDevice.hpp in Headers */,
				A6350428209A344900C82B59 /* IO80211Controller.h in Headers */,
				A6350429209A344900C82B59 /* IO80211Interface.h in Headers */,
				A635042A209A344900C82B59 /* IO80211WorkLoop.h in Headers */,
				A635042B209A344900C82B59 /* Black80211Control.hpp in Headers */,
			);
			runOnlyForDeploymentPostprocessing = 0;
		};
/* End PBXHeadersBuildPhase section */

/* Begin PBXNativeTarget section */
		A61272212039FD13009DD95B /* Black80211_Sierra */ = {
			isa = PBXNativeTarget;
			buildConfigurationList = A612722C2039FD13009DD95B /* Build configuration list for PBXNativeTarget "Black80211_Sierra" */;
			buildPhases = (
				A612721D2039FD13009DD95B /* Sources */,
				A612721E2039FD13009DD95B /* Frameworks */,
				A612721F2039FD13009DD95B /* Headers */,
				A61272202039FD13009DD95B /* Resources */,
			);
			buildRules = (
			);
			dependencies = (
			);
			name = Black80211_Sierra;
			productName = Black80211;
			productReference = A61272222039FD13009DD95B /* Black80211.kext */;
			productType = "com.apple.product-type.kernel-extension";
		};
		A6881FF6209A29A3009B1576 /* Black80211_HighSierra */ = {
			isa = PBXNativeTarget;
			buildConfigurationList = A6881FFE209A29A4009B1576 /* Build configuration list for PBXNativeTarget "Black80211_HighSierra" */;
			buildPhases = (
				A6881FF2209A29A3009B1576 /* Sources */,
				A6881FF3209A29A3009B1576 /* Frameworks */,
				A6881FF4209A29A3009B1576 /* Headers */,
				A6881FF5209A29A3009B1576 /* Resources */,
			);
			buildRules = (
			);
			dependencies = (
			);
			name = Black80211_HighSierra;
			productName = Black80211_HighSierra;
			productReference = A6881FF7209A29A3009B1576 /* Black80211.kext */;
			productType = "com.apple.product-type.kernel-extension";
		};
/* End PBXNativeTarget section */

/* Begin PBXProject section */
		A61272192039FD13009DD95B /* Project object */ = {
			isa = PBXProject;
			attributes = {
				LastUpgradeCheck = 0930;
				ORGANIZATIONNAME = "Roman Peshkov";
				TargetAttributes = {
					A61272212039FD13009DD95B = {
						CreatedOnToolsVersion = 9.2;
					};
					A6881FF6209A29A3009B1576 = {
						CreatedOnToolsVersion = 9.2;
						ProvisioningStyle = Manual;
					};
				};
			};
			buildConfigurationList = A612721C2039FD13009DD95B /* Build configuration list for PBXProject "Black80211" */;
			compatibilityVersion = "Xcode 8.0";
			developmentRegion = en;
			hasScannedForEncodings = 0;
			knownRegions = (
				en,
			);
			mainGroup = A61272182039FD13009DD95B;
			productRefGroup = A61272232039FD13009DD95B /* Products */;
			projectDirPath = "";
			projectRoot = "";
			targets = (
				A61272212039FD13009DD95B /* Black80211_Sierra */,
				A6881FF6209A29A3009B1576 /* Black80211_HighSierra */,
			);
		};
/* End PBXProject section */

/* Begin PBXResourcesBuildPhase section */
		A61272202039FD13009DD95B /* Resources */ = {
			isa = PBXResourcesBuildPhase;
			buildActionMask = 2147483647;
			files = (
			);
			runOnlyForDeploymentPostprocessing = 0;
		};
		A6881FF5209A29A3009B1576 /* Resources */ = {
			isa = PBXResourcesBuildPhase;
			buildActionMask = 2147483647;
			files = (
			);
			runOnlyForDeploymentPostprocessing = 0;
		};
/* End PBXResourcesBuildPhase section */

/* Begin PBXSourcesBuildPhase section */
		A612721D2039FD13009DD95B /* Sources */ = {
			isa = PBXSourcesBuildPhase;
			buildActionMask = 2147483647;
			files = (
				A6E361B1209F924400794572 /* FakeDevice.cpp in Sources */,
				A612723D203A1079009DD95B /* Black80211Control.cpp in Sources */,
				A632F0D720E8230700AAC444 /* Black80211Control_ioctl.cpp in Sources */,
			);
			runOnlyForDeploymentPostprocessing = 0;
		};
		A6881FF2209A29A3009B1576 /* Sources */ = {
			isa = PBXSourcesBuildPhase;
			buildActionMask = 2147483647;
			files = (
				A6E361B2209F924400794572 /* FakeDevice.cpp in Sources */,
				A6350424209A344100C82B59 /* Black80211Control.cpp in Sources */,
				A632F0D820E8230700AAC444 /* Black80211Control_ioctl.cpp in Sources */,
			);
			runOnlyForDeploymentPostprocessing = 0;
		};
/* End PBXSourcesBuildPhase section */

/* Begin XCBuildConfiguration section */
		A612722A2039FD13009DD95B /* Debug */ = {
			isa = XCBuildConfiguration;
			buildSettings = {
				ALWAYS_SEARCH_USER_PATHS = NO;
				CLANG_ANALYZER_NONNULL = YES;
				CLANG_ANALYZER_NUMBER_OBJECT_CONVERSION = YES_AGGRESSIVE;
				CLANG_CXX_LANGUAGE_STANDARD = "compiler-default";
				CLANG_CXX_LIBRARY = "compiler-default";
				CLANG_ENABLE_MODULES = YES;
				CLANG_ENABLE_OBJC_ARC = YES;
				CLANG_WARN_BLOCK_CAPTURE_AUTORELEASING = YES;
				CLANG_WARN_BOOL_CONVERSION = YES;
				CLANG_WARN_COMMA = YES;
				CLANG_WARN_CONSTANT_CONVERSION = YES;
				CLANG_WARN_DEPRECATED_OBJC_IMPLEMENTATIONS = YES;
				CLANG_WARN_DIRECT_OBJC_ISA_USAGE = YES_ERROR;
				CLANG_WARN_DOCUMENTATION_COMMENTS = YES;
				CLANG_WARN_EMPTY_BODY = YES;
				CLANG_WARN_ENUM_CONVERSION = YES;
				CLANG_WARN_INFINITE_RECURSION = YES;
				CLANG_WARN_INT_CONVERSION = YES;
				CLANG_WARN_NON_LITERAL_NULL_CONVERSION = YES;
				CLANG_WARN_OBJC_IMPLICIT_RETAIN_SELF = YES;
				CLANG_WARN_OBJC_LITERAL_CONVERSION = YES;
				CLANG_WARN_OBJC_ROOT_CLASS = YES_ERROR;
				CLANG_WARN_RANGE_LOOP_ANALYSIS = YES;
				CLANG_WARN_STRICT_PROTOTYPES = YES;
				CLANG_WARN_SUSPICIOUS_MOVE = YES;
				CLANG_WARN_UNGUARDED_AVAILABILITY = YES_AGGRESSIVE;
				CLANG_WARN_UNREACHABLE_CODE = YES;
				CLANG_WARN__DUPLICATE_METHOD_MATCH = YES;
				CODE_SIGN_IDENTITY = "-";
				COPY_PHASE_STRIP = NO;
				DEBUG_INFORMATION_FORMAT = dwarf;
				ENABLE_STRICT_OBJC_MSGSEND = YES;
				ENABLE_TESTABILITY = YES;
				GCC_C_LANGUAGE_STANDARD = gnu99;
				GCC_DYNAMIC_NO_PIC = NO;
				GCC_NO_COMMON_BLOCKS = YES;
				GCC_OPTIMIZATION_LEVEL = 0;
				GCC_PREPROCESSOR_DEFINITIONS = (
					"DEBUG=1",
					"__PRIVATE_SPI__=1",
					"$(inherited)",
				);
				GCC_WARN_64_TO_32_BIT_CONVERSION = YES;
				GCC_WARN_ABOUT_RETURN_TYPE = YES_ERROR;
				GCC_WARN_UNDECLARED_SELECTOR = YES;
				GCC_WARN_UNINITIALIZED_AUTOS = YES_AGGRESSIVE;
				GCC_WARN_UNUSED_FUNCTION = YES;
				GCC_WARN_UNUSED_VARIABLE = YES;
				MACOSX_DEPLOYMENT_TARGET = 10.13;
				MTL_ENABLE_DEBUG_INFO = YES;
				ONLY_ACTIVE_ARCH = YES;
				SDKROOT = macosx;
			};
			name = Debug;
		};
		A612722B2039FD13009DD95B /* Release */ = {
			isa = XCBuildConfiguration;
			buildSettings = {
				ALWAYS_SEARCH_USER_PATHS = NO;
				CLANG_ANALYZER_NONNULL = YES;
				CLANG_ANALYZER_NUMBER_OBJECT_CONVERSION = YES_AGGRESSIVE;
				CLANG_CXX_LANGUAGE_STANDARD = "compiler-default";
				CLANG_CXX_LIBRARY = "compiler-default";
				CLANG_ENABLE_MODULES = YES;
				CLANG_ENABLE_OBJC_ARC = YES;
				CLANG_WARN_BLOCK_CAPTURE_AUTORELEASING = YES;
				CLANG_WARN_BOOL_CONVERSION = YES;
				CLANG_WARN_COMMA = YES;
				CLANG_WARN_CONSTANT_CONVERSION = YES;
				CLANG_WARN_DEPRECATED_OBJC_IMPLEMENTATIONS = YES;
				CLANG_WARN_DIRECT_OBJC_ISA_USAGE = YES_ERROR;
				CLANG_WARN_DOCUMENTATION_COMMENTS = YES;
				CLANG_WARN_EMPTY_BODY = YES;
				CLANG_WARN_ENUM_CONVERSION = YES;
				CLANG_WARN_INFINITE_RECURSION = YES;
				CLANG_WARN_INT_CONVERSION = YES;
				CLANG_WARN_NON_LITERAL_NULL_CONVERSION = YES;
				CLANG_WARN_OBJC_IMPLICIT_RETAIN_SELF = YES;
				CLANG_WARN_OBJC_LITERAL_CONVERSION = YES;
				CLANG_WARN_OBJC_ROOT_CLASS = YES_ERROR;
				CLANG_WARN_RANGE_LOOP_ANALYSIS = YES;
				CLANG_WARN_STRICT_PROTOTYPES = YES;
				CLANG_WARN_SUSPICIOUS_MOVE = YES;
				CLANG_WARN_UNGUARDED_AVAILABILITY = YES_AGGRESSIVE;
				CLANG_WARN_UNREACHABLE_CODE = YES;
				CLANG_WARN__DUPLICATE_METHOD_MATCH = YES;
				CODE_SIGN_IDENTITY = "-";
				COPY_PHASE_STRIP = NO;
				DEBUG_INFORMATION_FORMAT = "dwarf-with-dsym";
				ENABLE_NS_ASSERTIONS = NO;
				ENABLE_STRICT_OBJC_MSGSEND = YES;
				GCC_C_LANGUAGE_STANDARD = gnu99;
				GCC_NO_COMMON_BLOCKS = YES;
				GCC_PREPROCESSOR_DEFINITIONS = "__PRIVATE_SPI__=1";
				GCC_WARN_64_TO_32_BIT_CONVERSION = YES;
				GCC_WARN_ABOUT_RETURN_TYPE = YES_ERROR;
				GCC_WARN_UNDECLARED_SELECTOR = YES;
				GCC_WARN_UNINITIALIZED_AUTOS = YES_AGGRESSIVE;
				GCC_WARN_UNUSED_FUNCTION = YES;
				GCC_WARN_UNUSED_VARIABLE = YES;
				MACOSX_DEPLOYMENT_TARGET = 10.13;
				MTL_ENABLE_DEBUG_INFO = NO;
				SDKROOT = macosx;
			};
			name = Release;
		};
		A612722D2039FD13009DD95B /* Debug */ = {
			isa = XCBuildConfiguration;
			buildSettings = {
				CLANG_WARN_DOCUMENTATION_COMMENTS = NO;
				CONFIGURATION_BUILD_DIR = "$(BUILD_DIR)/Sierra/$(CONFIGURATION)$(EFFECTIVE_PLATFORM_NAME)";
				CURRENT_PROJECT_VERSION = 1.0.0d1;
				GCC_PREPROCESSOR_DEFINITIONS = (
					"DEBUG=1",
					"__PRIVATE_SPI__=1",
					"$(inherited)",
					"SIERRA=1",
				);
				INFOPLIST_FILE = Black80211/Info.plist;
				MACOSX_DEPLOYMENT_TARGET = 10.12;
				MODULE_NAME = net.rpeshkov.Black80211;
				MODULE_VERSION = 1.0.0d1;
				PRODUCT_BUNDLE_IDENTIFIER = net.rpeshkov.Black80211;
				PRODUCT_NAME = Black80211;
				SDKROOT = macosx10.12;
				WARNING_CFLAGS = "-Wno-inconsistent-missing-override";
				WRAPPER_EXTENSION = kext;
			};
			name = Debug;
		};
		A612722E2039FD13009DD95B /* Release */ = {
			isa = XCBuildConfiguration;
			buildSettings = {
				CLANG_WARN_DOCUMENTATION_COMMENTS = NO;
				CONFIGURATION_BUILD_DIR = "$(BUILD_DIR)/Sierra/$(CONFIGURATION)$(EFFECTIVE_PLATFORM_NAME)";
				CURRENT_PROJECT_VERSION = 1.0.0d1;
				GCC_PREPROCESSOR_DEFINITIONS = (
					"__PRIVATE_SPI__=1",
					"SIERRA=1",
				);
				INFOPLIST_FILE = Black80211/Info.plist;
				MACOSX_DEPLOYMENT_TARGET = 10.12;
				MODULE_NAME = net.rpeshkov.Black80211;
				MODULE_VERSION = 1.0.0d1;
				PRODUCT_BUNDLE_IDENTIFIER = net.rpeshkov.Black80211;
				PRODUCT_NAME = Black80211;
				SDKROOT = macosx10.12;
				WARNING_CFLAGS = (
					"-Wno-inconsistent-missing-override",
					"-D__PRIVATE_SPI__",
				);
				WRAPPER_EXTENSION = kext;
			};
			name = Release;
		};
		A6881FFF209A29A4009B1576 /* Debug */ = {
			isa = XCBuildConfiguration;
			buildSettings = {
				CODE_SIGN_STYLE = Manual;
				COMBINE_HIDPI_IMAGES = YES;
				CONFIGURATION_BUILD_DIR = "$(BUILD_DIR)/HighSierra/$(CONFIGURATION)$(EFFECTIVE_PLATFORM_NAME)";
				CURRENT_PROJECT_VERSION = 1.0.0d1;
				DEVELOPMENT_TEAM = "";
				GCC_PREPROCESSOR_DEFINITIONS = (
					"DEBUG=1",
					"__PRIVATE_SPI__=1",
					"$(inherited)",
					"HIGH_SIERRA=1",
				);
				INFOPLIST_FILE = Black80211/Info.plist;
				MACOSX_DEPLOYMENT_TARGET = 10.13;
				MODULE_NAME = net.rpeshkov.Black80211;
				MODULE_VERSION = 1.0.0d1;
				PRODUCT_BUNDLE_IDENTIFIER = net.rpeshkov.Black80211;
				PRODUCT_NAME = Black80211;
				PROVISIONING_PROFILE_SPECIFIER = "";
				WARNING_CFLAGS = "-Wno-inconsistent-missing-override";
				WRAPPER_EXTENSION = kext;
			};
			name = Debug;
		};
		A6882000209A29A4009B1576 /* Release */ = {
			isa = XCBuildConfiguration;
			buildSettings = {
				CODE_SIGN_STYLE = Manual;
				COMBINE_HIDPI_IMAGES = YES;
				CONFIGURATION_BUILD_DIR = "$(BUILD_DIR)/HighSierra/$(CONFIGURATION)$(EFFECTIVE_PLATFORM_NAME)";
				CURRENT_PROJECT_VERSION = 1.0.0d1;
				DEVELOPMENT_TEAM = "";
				GCC_PREPROCESSOR_DEFINITIONS = (
					"__PRIVATE_SPI__=1",
					"HIGH_SIERRA=1",
				);
				INFOPLIST_FILE = Black80211/Info.plist;
				MACOSX_DEPLOYMENT_TARGET = 10.13;
				MODULE_NAME = net.rpeshkov.Black80211;
				MODULE_VERSION = 1.0.0d1;
				PRODUCT_BUNDLE_IDENTIFIER = net.rpeshkov.Black80211;
				PRODUCT_NAME = Black80211;
				PROVISIONING_PROFILE_SPECIFIER = "";
				WARNING_CFLAGS = (
					"-Wno-inconsistent-missing-override",
					"-D__PRIVATE_SPI__",
				);
				WRAPPER_EXTENSION = kext;
			};
			name = Release;
		};
/* End XCBuildConfiguration section */

/* Begin XCConfigurationList section */
		A612721C2039FD13009DD95B /* Build configuration list for PBXProject "Black80211" */ = {
			isa = XCConfigurationList;
			buildConfigurations = (
				A612722A2039FD13009DD95B /* Debug */,
				A612722B2039FD13009DD95B /* Release */,
			);
			defaultConfigurationIsVisible = 0;
			defaultConfigurationName = Release;
		};
		A612722C2039FD13009DD95B /* Build configuration list for PBXNativeTarget "Black80211_Sierra" */ = {
			isa = XCConfigurationList;
			buildConfigurations = (
				A612722D2039FD13009DD95B /* Debug */,
				A612722E2039FD13009DD95B /* Release */,
			);
			defaultConfigurationIsVisible = 0;
			defaultConfigurationName = Release;
		};
		A6881FFE209A29A4009B1576 /* Build configuration list for PBXNativeTarget "Black80211_HighSierra" */ = {
			isa = XCConfigurationList;
			buildConfigurations = (
				A6881FFF209A29A4009B1576 /* Debug */,
				A6882000209A29A4009B1576 /* Release */,
			);
			defaultConfigurationIsVisible = 0;
			defaultConfigurationName = Release;
		};
/* End XCConfigurationList section */
	};
	rootObject = A61272192039FD13009DD95B /* Project object */;
}
