// !$*UTF8*$!
{
	archiveVersion = 1;
	classes = {
	};
	objectVersion = 48;
	objects = {

/* Begin PBXBuildFile section */
		A61272262039FD13009DD95B /* Black80211Control.hpp in Headers */ = {isa = PBXBuildFile; fileRef = A61272252039FD13009DD95B /* Black80211Control.hpp */; };
		A61272362039FFF1009DD95B /* apple80211_ioctl.h in Headers */ = {isa = PBXBuildFile; fileRef = A61272302039FFF1009DD95B /* apple80211_ioctl.h */; };
		A61272372039FFF1009DD95B /* IO80211Interface.h in Headers */ = {isa = PBXBuildFile; fileRef = A61272312039FFF1009DD95B /* IO80211Interface.h */; };
		A61272382039FFF1009DD95B /* IO80211WorkLoop.h in Headers */ = {isa = PBXBuildFile; fileRef = A61272322039FFF1009DD95B /* IO80211WorkLoop.h */; };
		A61272392039FFF1009DD95B /* apple80211_var.h in Headers */ = {isa = PBXBuildFile; fileRef = A61272332039FFF1009DD95B /* apple80211_var.h */; };
		A612723A2039FFF1009DD95B /* apple80211_wps.h in Headers */ = {isa = PBXBuildFile; fileRef = A61272342039FFF1009DD95B /* apple80211_wps.h */; };
		A612723B2039FFF1009DD95B /* IO80211Controller.h in Headers */ = {isa = PBXBuildFile; fileRef = A61272352039FFF1009DD95B /* IO80211Controller.h */; };
		A612723D203A1079009DD95B /* Black80211Control.cpp in Sources */ = {isa = PBXBuildFile; fileRef = A612723C203A1079009DD95B /* Black80211Control.cpp */; };
/* End PBXBuildFile section */

/* Begin PBXFileReference section */
		A61272222039FD13009DD95B /* Black80211.kext */ = {isa = PBXFileReference; explicitFileType = wrapper.cfbundle; includeInIndex = 0; path = Black80211.kext; sourceTree = BUILT_PRODUCTS_DIR; };
		A61272252039FD13009DD95B /* Black80211Control.hpp */ = {isa = PBXFileReference; lastKnownFileType = sourcecode.cpp.h; path = Black80211Control.hpp; sourceTree = "<group>"; };
		A61272292039FD13009DD95B /* Info.plist */ = {isa = PBXFileReference; lastKnownFileType = text.plist.xml; path = Info.plist; sourceTree = "<group>"; };
		A61272302039FFF1009DD95B /* apple80211_ioctl.h */ = {isa = PBXFileReference; fileEncoding = 4; lastKnownFileType = sourcecode.c.h; path = apple80211_ioctl.h; sourceTree = "<group>"; };
		A61272312039FFF1009DD95B /* IO80211Interface.h */ = {isa = PBXFileReference; fileEncoding = 4; lastKnownFileType = sourcecode.c.h; path = IO80211Interface.h; sourceTree = "<group>"; };
		A61272322039FFF1009DD95B /* IO80211WorkLoop.h */ = {isa = PBXFileReference; fileEncoding = 4; lastKnownFileType = sourcecode.c.h; path = IO80211WorkLoop.h; sourceTree = "<group>"; };
		A61272332039FFF1009DD95B /* apple80211_var.h */ = {isa = PBXFileReference; fileEncoding = 4; lastKnownFileType = sourcecode.c.h; path = apple80211_var.h; sourceTree = "<group>"; };
		A61272342039FFF1009DD95B /* apple80211_wps.h */ = {isa = PBXFileReference; fileEncoding = 4; lastKnownFileType = sourcecode.c.h; path = apple80211_wps.h; sourceTree = "<group>"; };
		A61272352039FFF1009DD95B /* IO80211Controller.h */ = {isa = PBXFileReference; fileEncoding = 4; lastKnownFileType = sourcecode.c.h; path = IO80211Controller.h; sourceTree = "<group>"; };
		A612723C203A1079009DD95B /* Black80211Control.cpp */ = {isa = PBXFileReference; fileEncoding = 4; lastKnownFileType = sourcecode.cpp.cpp; path = Black80211Control.cpp; sourceTree = "<group>"; };
		A6EAD4E3203A1F2F00F18995 /* Kernel.framework */ = {isa = PBXFileReference; lastKnownFileType = wrapper.framework; name = Kernel.framework; path = Platforms/MacOSX.platform/Developer/SDKs/MacOSX10.12.sdk/System/Library/Frameworks/Kernel.framework; sourceTree = DEVELOPER_DIR; };
/* End PBXFileReference section */

/* Begin PBXFrameworksBuildPhase section */
		A612721E2039FD13009DD95B /* Frameworks */ = {
			isa = PBXFrameworksBuildPhase;
			buildActionMask = 2147483647;
			files = (
			);
			runOnlyForDeploymentPostprocessing = 0;
		};
/* End PBXFrameworksBuildPhase section */

/* Begin PBXGroup section */
		A61272182039FD13009DD95B = {
			isa = PBXGroup;
			children = (
				A61272242039FD13009DD95B /* Black80211 */,
				A61272232039FD13009DD95B /* Products */,
				A6EAD4E2203A1F2F00F18995 /* Frameworks */,
			);
			sourceTree = "<group>";
		};
		A61272232039FD13009DD95B /* Products */ = {
			isa = PBXGroup;
			children = (
				A61272222039FD13009DD95B /* Black80211.kext */,
			);
			name = Products;
			sourceTree = "<group>";
		};
		A61272242039FD13009DD95B /* Black80211 */ = {
			isa = PBXGroup;
			children = (
				A612722F2039FFC1009DD95B /* apple80211 */,
				A61272252039FD13009DD95B /* Black80211Control.hpp */,
				A612723C203A1079009DD95B /* Black80211Control.cpp */,
				A61272292039FD13009DD95B /* Info.plist */,
			);
			path = Black80211;
			sourceTree = "<group>";
		};
		A612722F2039FFC1009DD95B /* apple80211 */ = {
			isa = PBXGroup;
			children = (
				A61272302039FFF1009DD95B /* apple80211_ioctl.h */,
				A61272332039FFF1009DD95B /* apple80211_var.h */,
				A61272342039FFF1009DD95B /* apple80211_wps.h */,
				A61272352039FFF1009DD95B /* IO80211Controller.h */,
				A61272312039FFF1009DD95B /* IO80211Interface.h */,
				A61272322039FFF1009DD95B /* IO80211WorkLoop.h */,
			);
			path = apple80211;
			sourceTree = "<group>";
		};
		A6EAD4E2203A1F2F00F18995 /* Frameworks */ = {
			isa = PBXGroup;
			children = (
				A6EAD4E3203A1F2F00F18995 /* Kernel.framework */,
			);
			name = Frameworks;
			sourceTree = "<group>";
		};
/* End PBXGroup section */

/* Begin PBXHeadersBuildPhase section */
		A612721F2039FD13009DD95B /* Headers */ = {
			isa = PBXHeadersBuildPhase;
			buildActionMask = 2147483647;
			files = (
				A61272382039FFF1009DD95B /* IO80211WorkLoop.h in Headers */,
				A61272392039FFF1009DD95B /* apple80211_var.h in Headers */,
				A61272362039FFF1009DD95B /* apple80211_ioctl.h in Headers */,
				A61272372039FFF1009DD95B /* IO80211Interface.h in Headers */,
				A612723B2039FFF1009DD95B /* IO80211Controller.h in Headers */,
				A61272262039FD13009DD95B /* Black80211Control.hpp in Headers */,
				A612723A2039FFF1009DD95B /* apple80211_wps.h in Headers */,
			);
			runOnlyForDeploymentPostprocessing = 0;
		};
/* End PBXHeadersBuildPhase section */

/* Begin PBXNativeTarget section */
		A61272212039FD13009DD95B /* Black80211 */ = {
			isa = PBXNativeTarget;
			buildConfigurationList = A612722C2039FD13009DD95B /* Build configuration list for PBXNativeTarget "Black80211" */;
			buildPhases = (
				A612721D2039FD13009DD95B /* Sources */,
				A612721E2039FD13009DD95B /* Frameworks */,
				A612721F2039FD13009DD95B /* Headers */,
				A61272202039FD13009DD95B /* Resources */,
			);
			buildRules = (
			);
			dependencies = (
			);
			name = Black80211;
			productName = Black80211;
			productReference = A61272222039FD13009DD95B /* Black80211.kext */;
			productType = "com.apple.product-type.kernel-extension";
		};
/* End PBXNativeTarget section */

/* Begin PBXProject section */
		A61272192039FD13009DD95B /* Project object */ = {
			isa = PBXProject;
			attributes = {
				LastUpgradeCheck = 0920;
				ORGANIZATIONNAME = "Roman Peshkov";
				TargetAttributes = {
					A61272212039FD13009DD95B = {
						CreatedOnToolsVersion = 9.2;
					};
				};
			};
			buildConfigurationList = A612721C2039FD13009DD95B /* Build configuration list for PBXProject "Black80211" */;
			compatibilityVersion = "Xcode 8.0";
			developmentRegion = en;
			hasScannedForEncodings = 0;
			knownRegions = (
				en,
			);
			mainGroup = A61272182039FD13009DD95B;
			productRefGroup = A61272232039FD13009DD95B /* Products */;
			projectDirPath = "";
			projectRoot = "";
			targets = (
				A61272212039FD13009DD95B /* Black80211 */,
			);
		};
/* End PBXProject section */

/* Begin PBXResourcesBuildPhase section */
		A61272202039FD13009DD95B /* Resources */ = {
			isa = PBXResourcesBuildPhase;
			buildActionMask = 2147483647;
			files = (
			);
			runOnlyForDeploymentPostprocessing = 0;
		};
/* End PBXResourcesBuildPhase section */

/* Begin PBXSourcesBuildPhase section */
		A612721D2039FD13009DD95B /* Sources */ = {
			isa = PBXSourcesBuildPhase;
			buildActionMask = 2147483647;
			files = (
				A612723D203A1079009DD95B /* Black80211Control.cpp in Sources */,
			);
			runOnlyForDeploymentPostprocessing = 0;
		};
/* End PBXSourcesBuildPhase section */

/* Begin XCBuildConfiguration section */
		A612722A2039FD13009DD95B /* Debug */ = {
			isa = XCBuildConfiguration;
			buildSettings = {
				ALWAYS_SEARCH_USER_PATHS = NO;
				CLANG_ANALYZER_NONNULL = YES;
				CLANG_ANALYZER_NUMBER_OBJECT_CONVERSION = YES_AGGRESSIVE;
				CLANG_CXX_LANGUAGE_STANDARD = "compiler-default";
				CLANG_CXX_LIBRARY = "compiler-default";
				CLANG_ENABLE_MODULES = YES;
				CLANG_ENABLE_OBJC_ARC = YES;
				CLANG_WARN_BLOCK_CAPTURE_AUTORELEASING = YES;
				CLANG_WARN_BOOL_CONVERSION = YES;
				CLANG_WARN_COMMA = YES;
				CLANG_WARN_CONSTANT_CONVERSION = YES;
				CLANG_WARN_DIRECT_OBJC_ISA_USAGE = YES_ERROR;
				CLANG_WARN_DOCUMENTATION_COMMENTS = YES;
				CLANG_WARN_EMPTY_BODY = YES;
				CLANG_WARN_ENUM_CONVERSION = YES;
				CLANG_WARN_INFINITE_RECURSION = YES;
				CLANG_WARN_INT_CONVERSION = YES;
				CLANG_WARN_NON_LITERAL_NULL_CONVERSION = YES;
				CLANG_WARN_OBJC_LITERAL_CONVERSION = YES;
				CLANG_WARN_OBJC_ROOT_CLASS = YES_ERROR;
				CLANG_WARN_RANGE_LOOP_ANALYSIS = YES;
				CLANG_WARN_STRICT_PROTOTYPES = YES;
				CLANG_WARN_SUSPICIOUS_MOVE = YES;
				CLANG_WARN_UNGUARDED_AVAILABILITY = YES_AGGRESSIVE;
				CLANG_WARN_UNREACHABLE_CODE = YES;
				CLANG_WARN__DUPLICATE_METHOD_MATCH = YES;
				CODE_SIGN_IDENTITY = "-";
				COPY_PHASE_STRIP = NO;
				DEBUG_INFORMATION_FORMAT = dwarf;
				ENABLE_STRICT_OBJC_MSGSEND = YES;
				ENABLE_TESTABILITY = YES;
				GCC_C_LANGUAGE_STANDARD = gnu99;
				GCC_DYNAMIC_NO_PIC = NO;
				GCC_NO_COMMON_BLOCKS = YES;
				GCC_OPTIMIZATION_LEVEL = 0;
				GCC_PREPROCESSOR_DEFINITIONS = (
					"DEBUG=1",
					"$(inherited)",
				);
				GCC_WARN_64_TO_32_BIT_CONVERSION = YES;
				GCC_WARN_ABOUT_RETURN_TYPE = YES_ERROR;
				GCC_WARN_UNDECLARED_SELECTOR = YES;
				GCC_WARN_UNINITIALIZED_AUTOS = YES_AGGRESSIVE;
				GCC_WARN_UNUSED_FUNCTION = YES;
				GCC_WARN_UNUSED_VARIABLE = YES;
				MACOSX_DEPLOYMENT_TARGET = 10.12;
				MTL_ENABLE_DEBUG_INFO = YES;
				ONLY_ACTIVE_ARCH = YES;
				SDKROOT = macosx10.12;
			};
			name = Debug;
		};
		A612722B2039FD13009DD95B /* Release */ = {
			isa = XCBuildConfiguration;
			buildSettings = {
				ALWAYS_SEARCH_USER_PATHS = NO;
				CLANG_ANALYZER_NONNULL = YES;
				CLANG_ANALYZER_NUMBER_OBJECT_CONVERSION = YES_AGGRESSIVE;
				CLANG_CXX_LANGUAGE_STANDARD = "compiler-default";
				CLANG_CXX_LIBRARY = "compiler-default";
				CLANG_ENABLE_MODULES = YES;
				CLANG_ENABLE_OBJC_ARC = YES;
				CLANG_WARN_BLOCK_CAPTURE_AUTORELEASING = YES;
				CLANG_WARN_BOOL_CONVERSION = YES;
				CLANG_WARN_COMMA = YES;
				CLANG_WARN_CONSTANT_CONVERSION = YES;
				CLANG_WARN_DIRECT_OBJC_ISA_USAGE = YES_ERROR;
				CLANG_WARN_DOCUMENTATION_COMMENTS = YES;
				CLANG_WARN_EMPTY_BODY = YES;
				CLANG_WARN_ENUM_CONVERSION = YES;
				CLANG_WARN_INFINITE_RECURSION = YES;
				CLANG_WARN_INT_CONVERSION = YES;
				CLANG_WARN_NON_LITERAL_NULL_CONVERSION = YES;
				CLANG_WARN_OBJC_LITERAL_CONVERSION = YES;
				CLANG_WARN_OBJC_ROOT_CLASS = YES_ERROR;
				CLANG_WARN_RANGE_LOOP_ANALYSIS = YES;
				CLANG_WARN_STRICT_PROTOTYPES = YES;
				CLANG_WARN_SUSPICIOUS_MOVE = YES;
				CLANG_WARN_UNGUARDED_AVAILABILITY = YES_AGGRESSIVE;
				CLANG_WARN_UNREACHABLE_CODE = YES;
				CLANG_WARN__DUPLICATE_METHOD_MATCH = YES;
				CODE_SIGN_IDENTITY = "-";
				COPY_PHASE_STRIP = NO;
				DEBUG_INFORMATION_FORMAT = "dwarf-with-dsym";
				ENABLE_NS_ASSERTIONS = NO;
				ENABLE_STRICT_OBJC_MSGSEND = YES;
				GCC_C_LANGUAGE_STANDARD = gnu99;
				GCC_NO_COMMON_BLOCKS = YES;
				GCC_WARN_64_TO_32_BIT_CONVERSION = YES;
				GCC_WARN_ABOUT_RETURN_TYPE = YES_ERROR;
				GCC_WARN_UNDECLARED_SELECTOR = YES;
				GCC_WARN_UNINITIALIZED_AUTOS = YES_AGGRESSIVE;
				GCC_WARN_UNUSED_FUNCTION = YES;
				GCC_WARN_UNUSED_VARIABLE = YES;
				MACOSX_DEPLOYMENT_TARGET = 10.12;
				MTL_ENABLE_DEBUG_INFO = NO;
				SDKROOT = macosx10.12;
			};
			name = Release;
		};
		A612722D2039FD13009DD95B /* Debug */ = {
			isa = XCBuildConfiguration;
			buildSettings = {
				CLANG_WARN_DOCUMENTATION_COMMENTS = NO;
				CURRENT_PROJECT_VERSION = 1.0.0d1;
				INFOPLIST_FILE = Black80211/Info.plist;
				MODULE_NAME = net.rpeshkov.Black80211;
				MODULE_VERSION = 1.0.0d1;
				PRODUCT_BUNDLE_IDENTIFIER = net.rpeshkov.Black80211;
				PRODUCT_NAME = Black80211;
				SDKROOT = macosx10.12;
				WARNING_CFLAGS = "-Wno-inconsistent-missing-override";
				WRAPPER_EXTENSION = kext;
			};
			name = Debug;
		};
		A612722E2039FD13009DD95B /* Release */ = {
			isa = XCBuildConfiguration;
			buildSettings = {
				CLANG_WARN_DOCUMENTATION_COMMENTS = NO;
				CURRENT_PROJECT_VERSION = 1.0.0d1;
				INFOPLIST_FILE = Black80211/Info.plist;
				MODULE_NAME = net.rpeshkov.Black80211;
				MODULE_VERSION = 1.0.0d1;
				PRODUCT_BUNDLE_IDENTIFIER = net.rpeshkov.Black80211;
				PRODUCT_NAME = Black80211;
				SDKROOT = macosx10.12;
				WARNING_CFLAGS = "-Wno-inconsistent-missing-override";
				WRAPPER_EXTENSION = kext;
			};
			name = Release;
		};
/* End XCBuildConfiguration section */

/* Begin XCConfigurationList section */
		A612721C2039FD13009DD95B /* Build configuration list for PBXProject "Black80211" */ = {
			isa = XCConfigurationList;
			buildConfigurations = (
				A612722A2039FD13009DD95B /* Debug */,
				A612722B2039FD13009DD95B /* Release */,
			);
			defaultConfigurationIsVisible = 0;
			defaultConfigurationName = Release;
		};
		A612722C2039FD13009DD95B /* Build configuration list for PBXNativeTarget "Black80211" */ = {
			isa = XCConfigurationList;
			buildConfigurations = (
				A612722D2039FD13009DD95B /* Debug */,
				A612722E2039FD13009DD95B /* Release */,
			);
			defaultConfigurationIsVisible = 0;
			defaultConfigurationName = Release;
		};
/* End XCConfigurationList section */
	};
	rootObject = A61272192039FD13009DD95B /* Project object */;
}
